# THIS IS AN AUTOGENERATED FILE. DO NOT EDIT THIS FILE DIRECTLY.
# yarn lockfile v1


event-lite@^0.1.1:
  version "0.1.1"
  resolved "https://registry.yarnpkg.com/event-lite/-/event-lite-0.1.1.tgz#47cf08a8d37d0b694cdb7b3b17b51faac6576086"

fs-extra@5.0.0:
  version "5.0.0"
  resolved "https://registry.yarnpkg.com/fs-extra/-/fs-extra-5.0.0.tgz#414d0110cdd06705734d055652c5411260c31abd"
  dependencies:
    graceful-fs "^4.1.2"
    jsonfile "^4.0.0"
    universalify "^0.1.0"

graceful-fs@^4.1.2, graceful-fs@^4.1.6:
  version "4.1.11"
  resolved "https://registry.yarnpkg.com/graceful-fs/-/graceful-fs-4.1.11.tgz#0e8bdfe4d1ddb8854d64e04ea7c00e2a026e5658"

identifiers-js@0.1.0:
  version "0.1.0"
  resolved "https://registry.yarnpkg.com/identifiers-js/-/identifiers-js-0.1.0.tgz#a00d04b67151104131784820480f61d6f9e9607c"
  dependencies:
    int64-buffer "^0.1.10"
    js.spec "^1.0.0-23"
    long "^3.2.0"
    msgpack-lite "^0.1.26"

ieee754@^1.1.8:
  version "1.1.11"
  resolved "https://registry.yarnpkg.com/ieee754/-/ieee754-1.1.11.tgz#c16384ffe00f5b7835824e67b6f2bd44a5229455"

int64-buffer@^0.1.10, int64-buffer@^0.1.9:
  version "0.1.10"
  resolved "https://registry.yarnpkg.com/int64-buffer/-/int64-buffer-0.1.10.tgz#277b228a87d95ad777d07c13832022406a473423"

isarray@^1.0.0:
  version "1.0.0"
  resolved "https://registry.yarnpkg.com/isarray/-/isarray-1.0.0.tgz#bb935d48582cba168c06834957a54a3e07124f11"

js.spec@^1.0.0-23:
  version "1.0.0-23"
  resolved "https://registry.yarnpkg.com/js.spec/-/js.spec-1.0.0-23.tgz#20678e4bc9cde98a3c732304177ccfafee864f59"
  dependencies:
    lodash.chunk "^4.2.0"
    lodash.flattendeep "^4.4.0"
    lodash.get "^4.4.2"
    lodash.isboolean "^3.0.3"
    lodash.isdate "^4.0.1"
    lodash.isfinite "^3.3.2"
    lodash.isfunction "^3.0.8"
    lodash.isinteger "^4.0.4"
    lodash.isnil "^4.0.0"
    lodash.isnumber "^3.0.3"
    lodash.isplainobject "^4.0.6"
    lodash.isregexp "^4.0.1"
    lodash.isset "^4.4.2"
    lodash.isstring "^4.0.1"
    lodash.issymbol "^4.0.1"

jsonfile@^4.0.0:
  version "4.0.0"
  resolved "https://registry.yarnpkg.com/jsonfile/-/jsonfile-4.0.0.tgz#8771aae0799b64076b76640fca058f9c10e33ecb"
  optionalDependencies:
    graceful-fs "^4.1.6"

lodash.chunk@^4.2.0:
  version "4.2.0"
  resolved "https://registry.yarnpkg.com/lodash.chunk/-/lodash.chunk-4.2.0.tgz#66e5ce1f76ed27b4303d8c6512e8d1216e8106bc"

lodash.flattendeep@^4.4.0:
  version "4.4.0"
  resolved "https://registry.yarnpkg.com/lodash.flattendeep/-/lodash.flattendeep-4.4.0.tgz#fb030917f86a3134e5bc9bec0d69e0013ddfedb2"

lodash.get@^4.4.2:
  version "4.4.2"
  resolved "https://registry.yarnpkg.com/lodash.get/-/lodash.get-4.4.2.tgz#2d177f652fa31e939b4438d5341499dfa3825e99"

lodash.isboolean@^3.0.3:
  version "3.0.3"
  resolved "https://registry.yarnpkg.com/lodash.isboolean/-/lodash.isboolean-3.0.3.tgz#6c2e171db2a257cd96802fd43b01b20d5f5870f6"

lodash.isdate@^4.0.1:
  version "4.0.1"
  resolved "https://registry.yarnpkg.com/lodash.isdate/-/lodash.isdate-4.0.1.tgz#35a543673b9d76110de4114b32cc577048a7f366"

lodash.isfinite@^3.3.2:
  version "3.3.2"
  resolved "https://registry.yarnpkg.com/lodash.isfinite/-/lodash.isfinite-3.3.2.tgz#fb89b65a9a80281833f0b7478b3a5104f898ebb3"

lodash.isfunction@^3.0.8:
  version "3.0.9"
  resolved "https://registry.yarnpkg.com/lodash.isfunction/-/lodash.isfunction-3.0.9.tgz#06de25df4db327ac931981d1bdb067e5af68d051"

lodash.isinteger@^4.0.4:
  version "4.0.4"
  resolved "https://registry.yarnpkg.com/lodash.isinteger/-/lodash.isinteger-4.0.4.tgz#619c0af3d03f8b04c31f5882840b77b11cd68343"

lodash.isnil@^4.0.0:
  version "4.0.0"
  resolved "https://registry.yarnpkg.com/lodash.isnil/-/lodash.isnil-4.0.0.tgz#49e28cd559013458c814c5479d3c663a21bfaa6c"

lodash.isnumber@^3.0.3:
  version "3.0.3"
  resolved "https://registry.yarnpkg.com/lodash.isnumber/-/lodash.isnumber-3.0.3.tgz#3ce76810c5928d03352301ac287317f11c0b1ffc"

lodash.isplainobject@^4.0.6:
  version "4.0.6"
  resolved "https://registry.yarnpkg.com/lodash.isplainobject/-/lodash.isplainobject-4.0.6.tgz#7c526a52d89b45c45cc690b88163be0497f550cb"

lodash.isregexp@^4.0.1:
  version "4.0.1"
  resolved "https://registry.yarnpkg.com/lodash.isregexp/-/lodash.isregexp-4.0.1.tgz#e13e647b30cd559752a04cd912086faf7da1c30b"

lodash.isset@^4.4.2:
  version "4.4.2"
  resolved "https://registry.yarnpkg.com/lodash.isset/-/lodash.isset-4.4.2.tgz#d5eecc56b7a97ab588509e4795b3541b1cdb67bb"

lodash.isstring@^4.0.1:
  version "4.0.1"
  resolved "https://registry.yarnpkg.com/lodash.isstring/-/lodash.isstring-4.0.1.tgz#d527dfb5456eca7cc9bb95d5daeaf88ba54a5451"

lodash.issymbol@^4.0.1:
  version "4.0.1"
  resolved "https://registry.yarnpkg.com/lodash.issymbol/-/lodash.issymbol-4.0.1.tgz#04ad41d96f3f4f399c37dd4fcf3c1b6901e16116"

long@^3.2.0:
  version "3.2.0"
  resolved "https://registry.yarnpkg.com/long/-/long-3.2.0.tgz#d821b7138ca1cb581c172990ef14db200b5c474b"

msgpack-lite@^0.1.26:
  version "0.1.26"
  resolved "https://registry.yarnpkg.com/msgpack-lite/-/msgpack-lite-0.1.26.tgz#dd3c50b26f059f25e7edee3644418358e2a9ad89"
  dependencies:
    event-lite "^0.1.1"
    ieee754 "^1.1.8"
    int64-buffer "^0.1.9"
    isarray "^1.0.0"

universalify@^0.1.0:
  version "0.1.1"
  resolved "https://registry.yarnpkg.com/universalify/-/universalify-0.1.1.tgz#fa71badd4437af4c148841e3b3b165f9e9e590b7"
